
Microsoft Visual Studio Solution File, Format Version 12.00
# Visual Studio Version 16
VisualStudioVersion = 16.0.30611.23
MinimumVisualStudioVersion = 10.0.40219.1
Project("{FAE04EC0-301F-11D3-BF4B-00C04F79EFBC}") = "Website", "Website\Website.csproj", "{F34F1BFF-8D4F-4D82-AA63-076B6A136451}"
EndProject
Project("{FAE04EC0-301F-11D3-BF4B-00C04F79EFBC}") = "Logic", "Logic\Logic.csproj", "{17F4BE9D-9953-4366-B8D4-C9800F690D39}"
EndProject
Project("{FAE04EC0-301F-11D3-BF4B-00C04F79EFBC}") = "Repo", "Repo\Repo.csproj", "{43BC0700-30FE-4E19-8EA2-6B49327B713A}"
EndProject
Global
	GlobalSection(SolutionConfigurationPlatforms) = preSolution
		Debug|Any CPU = Debug|Any CPU
		Release|Any CPU = Release|Any CPU
	EndGlobalSection
	GlobalSection(ProjectConfigurationPlatforms) = postSolution
		{F34F1BFF-8D4F-4D82-AA63-076B6A136451}.Debug|Any CPU.ActiveCfg = Debug|Any CPU
		{F34F1BFF-8D4F-4D82-AA63-076B6A136451}.Debug|Any CPU.Build.0 = Debug|Any CPU
		{F34F1BFF-8D4F-4D82-AA63-076B6A136451}.Release|Any CPU.ActiveCfg = Release|Any CPU
		{F34F1BFF-8D4F-4D82-AA63-076B6A136451}.Release|Any CPU.Build.0 = Release|Any CPU
		{17F4BE9D-9953-4366-B8D4-C9800F690D39}.Debug|Any CPU.ActiveCfg = Debug|Any CPU
		{17F4BE9D-9953-4366-B8D4-C9800F690D39}.Debug|Any CPU.Build.0 = Debug|Any CPU
		{17F4BE9D-9953-4366-B8D4-C9800F690D39}.Release|Any CPU.ActiveCfg = Release|Any CPU
		{17F4BE9D-9953-4366-B8D4-C9800F690D39}.Release|Any CPU.Build.0 = Release|Any CPU
		{43BC0700-30FE-4E19-8EA2-6B49327B713A}.Debug|Any CPU.ActiveCfg = Debug|Any CPU
		{43BC0700-30FE-4E19-8EA2-6B49327B713A}.Debug|Any CPU.Build.0 = Debug|Any CPU
		{43BC0700-30FE-4E19-8EA2-6B49327B713A}.Release|Any CPU.ActiveCfg = Release|Any CPU
		{43BC0700-30FE-4E19-8EA2-6B49327B713A}.Release|Any CPU.Build.0 = Release|Any CPU
	EndGlobalSection
	GlobalSection(SolutionProperties) = preSolution
		HideSolutionNode = FALSE
	EndGlobalSection
	GlobalSection(ExtensibilityGlobals) = postSolution
		SolutionGuid = {B9DD218A-7821-4237-95AE-297C7FBD7475}
	EndGlobalSection
EndGlobal
